
Microsoft Visual Studio Solution File, Format Version 12.00
# Visual Studio Version 17
VisualStudioVersion = 17.3.32922.545
MinimumVisualStudioVersion = 10.0.40219.1
Project("{2150E333-8FDC-42A3-9474-1A3956D46DE8}") = "docs", "docs", "{CD856B6A-16E5-45B7-9122-D8BE99E8B57D}"
EndProject
Project("{2150E333-8FDC-42A3-9474-1A3956D46DE8}") = "sources", "sources", "{124C7038-62A6-4859-BB05-80EED1C329A3}"
EndProject
Project("{2150E333-8FDC-42A3-9474-1A3956D46DE8}") = "DataLayer", "DataLayer", "{5151CC3B-932A-4D1E-B92C-9D38706EBDFE}"
EndProject
Project("{2150E333-8FDC-42A3-9474-1A3956D46DE8}") = "DomainLayer", "DomainLayer", "{D8093356-D6BF-45B3-AB2F-EB7D26FCE7CE}"
EndProject
Project("{FAE04EC0-301F-11D3-BF4B-00C04F79EFBC}") = "DataMapper", "DataMapper\DataMapper.csproj", "{95FDEF96-3A4F-48E4-B8F1-8DF778C9DB0C}"
EndProject
Project("{FAE04EC0-301F-11D3-BF4B-00C04F79EFBC}") = "DomainModel", "DomainModel\DomainModel.csproj", "{C22DDDB7-5262-490A-9077-D40B54F8F83F}"
EndProject
Project("{FAE04EC0-301F-11D3-BF4B-00C04F79EFBC}") = "TestDomainModel", "TestDomainModel\TestDomainModel.csproj", "{74B99DCD-EFA9-4675-A38B-80BC7600009F}"
EndProject
Project("{2150E333-8FDC-42A3-9474-1A3956D46DE8}") = "ServiceLayer", "ServiceLayer", "{26EDF146-D40B-4F7B-820C-70DA9C13D681}"
EndProject
Project("{FAE04EC0-301F-11D3-BF4B-00C04F79EFBC}") = "ServiceLayer", "ServiceLayer\ServiceLayer.csproj", "{1498C2E2-E672-4B1B-9E2F-4F02CB2574DC}"
EndProject
Project("{FAE04EC0-301F-11D3-BF4B-00C04F79EFBC}") = "TestServiceLayer", "TestServiceLayer\TestServiceLayer.csproj", "{BDB917EC-9928-468B-B911-429AECD08709}"
EndProject
Global
	GlobalSection(SolutionConfigurationPlatforms) = preSolution
		Debug|Any CPU = Debug|Any CPU
		Release|Any CPU = Release|Any CPU
	EndGlobalSection
	GlobalSection(ProjectConfigurationPlatforms) = postSolution
		{95FDEF96-3A4F-48E4-B8F1-8DF778C9DB0C}.Debug|Any CPU.ActiveCfg = Debug|Any CPU
		{95FDEF96-3A4F-48E4-B8F1-8DF778C9DB0C}.Debug|Any CPU.Build.0 = Debug|Any CPU
		{95FDEF96-3A4F-48E4-B8F1-8DF778C9DB0C}.Release|Any CPU.ActiveCfg = Release|Any CPU
		{95FDEF96-3A4F-48E4-B8F1-8DF778C9DB0C}.Release|Any CPU.Build.0 = Release|Any CPU
		{C22DDDB7-5262-490A-9077-D40B54F8F83F}.Debug|Any CPU.ActiveCfg = Debug|Any CPU
		{C22DDDB7-5262-490A-9077-D40B54F8F83F}.Debug|Any CPU.Build.0 = Debug|Any CPU
		{C22DDDB7-5262-490A-9077-D40B54F8F83F}.Release|Any CPU.ActiveCfg = Release|Any CPU
		{C22DDDB7-5262-490A-9077-D40B54F8F83F}.Release|Any CPU.Build.0 = Release|Any CPU
		{74B99DCD-EFA9-4675-A38B-80BC7600009F}.Debug|Any CPU.ActiveCfg = Debug|Any CPU
		{74B99DCD-EFA9-4675-A38B-80BC7600009F}.Debug|Any CPU.Build.0 = Debug|Any CPU
		{74B99DCD-EFA9-4675-A38B-80BC7600009F}.Release|Any CPU.ActiveCfg = Release|Any CPU
		{74B99DCD-EFA9-4675-A38B-80BC7600009F}.Release|Any CPU.Build.0 = Release|Any CPU
		{1498C2E2-E672-4B1B-9E2F-4F02CB2574DC}.Debug|Any CPU.ActiveCfg = Debug|Any CPU
		{1498C2E2-E672-4B1B-9E2F-4F02CB2574DC}.Debug|Any CPU.Build.0 = Debug|Any CPU
		{1498C2E2-E672-4B1B-9E2F-4F02CB2574DC}.Release|Any CPU.ActiveCfg = Release|Any CPU
		{1498C2E2-E672-4B1B-9E2F-4F02CB2574DC}.Release|Any CPU.Build.0 = Release|Any CPU
		{BDB917EC-9928-468B-B911-429AECD08709}.Debug|Any CPU.ActiveCfg = Debug|Any CPU
		{BDB917EC-9928-468B-B911-429AECD08709}.Debug|Any CPU.Build.0 = Debug|Any CPU
		{BDB917EC-9928-468B-B911-429AECD08709}.Release|Any CPU.ActiveCfg = Release|Any CPU
		{BDB917EC-9928-468B-B911-429AECD08709}.Release|Any CPU.Build.0 = Release|Any CPU
	EndGlobalSection
	GlobalSection(SolutionProperties) = preSolution
		HideSolutionNode = FALSE
	EndGlobalSection
	GlobalSection(NestedProjects) = preSolution
		{5151CC3B-932A-4D1E-B92C-9D38706EBDFE} = {124C7038-62A6-4859-BB05-80EED1C329A3}
		{D8093356-D6BF-45B3-AB2F-EB7D26FCE7CE} = {124C7038-62A6-4859-BB05-80EED1C329A3}
		{95FDEF96-3A4F-48E4-B8F1-8DF778C9DB0C} = {5151CC3B-932A-4D1E-B92C-9D38706EBDFE}
		{C22DDDB7-5262-490A-9077-D40B54F8F83F} = {D8093356-D6BF-45B3-AB2F-EB7D26FCE7CE}
		{74B99DCD-EFA9-4675-A38B-80BC7600009F} = {D8093356-D6BF-45B3-AB2F-EB7D26FCE7CE}
		{26EDF146-D40B-4F7B-820C-70DA9C13D681} = {124C7038-62A6-4859-BB05-80EED1C329A3}
		{1498C2E2-E672-4B1B-9E2F-4F02CB2574DC} = {26EDF146-D40B-4F7B-820C-70DA9C13D681}
		{BDB917EC-9928-468B-B911-429AECD08709} = {26EDF146-D40B-4F7B-820C-70DA9C13D681}
	EndGlobalSection
	GlobalSection(ExtensibilityGlobals) = postSolution
		SolutionGuid = {0C7AB1E3-2720-4150-A053-1B7FD9817E59}
	EndGlobalSection
EndGlobal
